
Microsoft Visual Studio Solution File, Format Version 12.00
# Visual Studio 15
VisualStudioVersion = 15.0.28307.271
MinimumVisualStudioVersion = 10.0.40219.1
Project("{FAE04EC0-301F-11D3-BF4B-00C04F79EFBC}") = "Test_Q3", "Test_Q3\Test_Q3.csproj", "{536A5E50-7C73-46A3-9471-51DA85C63253}"
EndProject
Global
	GlobalSection(SolutionConfigurationPlatforms) = preSolution
		Debug|Any CPU = Debug|Any CPU
		Release|Any CPU = Release|Any CPU
	EndGlobalSection
	GlobalSection(ProjectConfigurationPlatforms) = postSolution
		{536A5E50-7C73-46A3-9471-51DA85C63253}.Debug|Any CPU.ActiveCfg = Debug|Any CPU
		{536A5E50-7C73-46A3-9471-51DA85C63253}.Debug|Any CPU.Build.0 = Debug|Any CPU
		{536A5E50-7C73-46A3-9471-51DA85C63253}.Release|Any CPU.ActiveCfg = Release|Any CPU
		{536A5E50-7C73-46A3-9471-51DA85C63253}.Release|Any CPU.Build.0 = Release|Any CPU
	EndGlobalSection
	GlobalSection(SolutionProperties) = preSolution
		HideSolutionNode = FALSE
	EndGlobalSection
	GlobalSection(ExtensibilityGlobals) = postSolution
		SolutionGuid = {97E817F0-83AA-4CC5-8D6A-B4154C1134BD}
	EndGlobalSection
EndGlobal
